
Microsoft Visual Studio Solution File, Format Version 12.00
# Visual Studio Version 16
VisualStudioVersion = 16.0.31624.102
MinimumVisualStudioVersion = 10.0.40219.1
Project("{FAE04EC0-301F-11D3-BF4B-00C04F79EFBC}") = "PI.Dengue", "PI.Dengue\PI.Dengue.csproj", "{92270B65-8B30-458E-A030-EEA7855E6C42}"
EndProject
Global
	GlobalSection(SolutionConfigurationPlatforms) = preSolution
		Debug|Any CPU = Debug|Any CPU
		Release|Any CPU = Release|Any CPU
	EndGlobalSection
	GlobalSection(ProjectConfigurationPlatforms) = postSolution
		{92270B65-8B30-458E-A030-EEA7855E6C42}.Debug|Any CPU.ActiveCfg = Debug|Any CPU
		{92270B65-8B30-458E-A030-EEA7855E6C42}.Debug|Any CPU.Build.0 = Debug|Any CPU
		{92270B65-8B30-458E-A030-EEA7855E6C42}.Release|Any CPU.ActiveCfg = Release|Any CPU
		{92270B65-8B30-458E-A030-EEA7855E6C42}.Release|Any CPU.Build.0 = Release|Any CPU
	EndGlobalSection
	GlobalSection(SolutionProperties) = preSolution
		HideSolutionNode = FALSE
	EndGlobalSection
	GlobalSection(ExtensibilityGlobals) = postSolution
		SolutionGuid = {B4F5C7AC-41CF-49A3-BB9D-F4EE50754D6D}
	EndGlobalSection
EndGlobal
